// !$*UTF8*$!
{
	archiveVersion = 1;
	classes = {
	};
	objectVersion = 46;
	objects = {

/* Begin PBXBuildFile section */
		8D11072D0486CEB800E47090 /* main.m in Sources */ = {isa = PBXBuildFile; fileRef = 29B97316FDCFA39411CA2CEA /* main.m */; settings = {ATTRIBUTES = (); }; };
		8D11072F0486CEB800E47090 /* Cocoa.framework in Frameworks */ = {isa = PBXBuildFile; fileRef = 1058C7A1FEA54F0111CA2CBB /* Cocoa.framework */; };
		FB0CBF2111B2760C009640A0 /* stats_cpu.m in Sources */ = {isa = PBXBuildFile; fileRef = FB0CBF2011B2760C009640A0 /* stats_cpu.m */; };
		FB577C25119D0594006C07D5 /* General.tiff in Resources */ = {isa = PBXBuildFile; fileRef = FB577C23119D0594006C07D5 /* General.tiff */; };
		FB577C26119D0594006C07D5 /* Software Update.tiff in Resources */ = {isa = PBXBuildFile; fileRef = FB577C24119D0594006C07D5 /* Software Update.tiff */; };
		FB577C4C119D0A4B006C07D5 /* Preferences.xib in Resources */ = {isa = PBXBuildFile; fileRef = FB577C4B119D0A4B006C07D5 /* Preferences.xib */; };
		FB577C5C119D0B64006C07D5 /* COPrefsWindowController.m in Sources */ = {isa = PBXBuildFile; fileRef = FB577C5B119D0B64006C07D5 /* COPrefsWindowController.m */; };
		FB577C61119D1908006C07D5 /* DBPrefsWindowController.m in Sources */ = {isa = PBXBuildFile; fileRef = FB577C60119D1908006C07D5 /* DBPrefsWindowController.m */; };
		FB824181118D5D68000B6969 /* COAppController.m in Sources */ = {isa = PBXBuildFile; fileRef = FB82417C118D5D68000B6969 /* COAppController.m */; };
		FB8BCF7211AE670900803082 /* Security.framework in Frameworks */ = {isa = PBXBuildFile; fileRef = FB8BCF7111AE670900803082 /* Security.framework */; };
		FB8BCFD411AE7B1A00803082 /* wrapper.m in Sources */ = {isa = PBXBuildFile; fileRef = FB8BCFD211AE7B1A00803082 /* wrapper.m */; };
		FB908638119C31370072C130 /* Sparkle.framework in Frameworks */ = {isa = PBXBuildFile; fileRef = FB908637119C31370072C130 /* Sparkle.framework */; };
		FB908649119C31CA0072C130 /* Sparkle.framework in CopyFiles */ = {isa = PBXBuildFile; fileRef = FB908637119C31370072C130 /* Sparkle.framework */; };
		FB90868B119C4A2A0072C130 /* dsa_pub.pem in Resources */ = {isa = PBXBuildFile; fileRef = FB90868A119C4A2A0072C130 /* dsa_pub.pem */; };
		FBE8A4FA11A014E4007232F2 /* COLoginItem.m in Sources */ = {isa = PBXBuildFile; fileRef = FBE8A4F911A014E4007232F2 /* COLoginItem.m */; };
		FBE8C0B711AE45BC00B2DB4A /* COStatsdController.m in Sources */ = {isa = PBXBuildFile; fileRef = FBE8C0B411AE45A100B2DB4A /* COStatsdController.m */; };
		FBE8C0FE11AE486300B2DB4A /* stats_network.m in Sources */ = {isa = PBXBuildFile; fileRef = FBE8C0FD11AE486300B2DB4A /* stats_network.m */; };
		FBEBDABE11AE0B10001A881F /* costatsd in Resources */ = {isa = PBXBuildFile; fileRef = FBEBDAB911AE0ACC001A881F /* costatsd */; };
		FBEBDAD211AE0B74001A881F /* costatsd.m in Sources */ = {isa = PBXBuildFile; fileRef = FBEBDACA11AE0B74001A881F /* costatsd.m */; };
		FBEBDAD311AE0B74001A881F /* cmd_repair.m in Sources */ = {isa = PBXBuildFile; fileRef = FBEBDACB11AE0B74001A881F /* cmd_repair.m */; };
		FBEBDAD411AE0B74001A881F /* cmd_help.m in Sources */ = {isa = PBXBuildFile; fileRef = FBEBDACC11AE0B74001A881F /* cmd_help.m */; };
		FBEBDAD511AE0B74001A881F /* cmd_daemon.m in Sources */ = {isa = PBXBuildFile; fileRef = FBEBDACE11AE0B74001A881F /* cmd_daemon.m */; };
		FBEBDAD611AE0B74001A881F /* cmd_test.m in Sources */ = {isa = PBXBuildFile; fileRef = FBEBDACF11AE0B74001A881F /* cmd_test.m */; };
		FBEBDAD711AE0B74001A881F /* stats_memory.m in Sources */ = {isa = PBXBuildFile; fileRef = FBEBDAD011AE0B74001A881F /* stats_memory.m */; };
		FBFCB153118DA87200CE0B97 /* MainMenu.xib in Resources */ = {isa = PBXBuildFile; fileRef = FBFCB151118DA87200CE0B97 /* MainMenu.xib */; };
/* End PBXBuildFile section */

/* Begin PBXContainerItemProxy section */
		FBEBDABF11AE0B23001A881F /* PBXContainerItemProxy */ = {
			isa = PBXContainerItemProxy;
			containerPortal = 29B97313FDCFA39411CA2CEA /* Project object */;
			proxyType = 1;
			remoteGlobalIDString = FBEBDAB811AE0ACC001A881F;
			remoteInfo = costatsd;
		};
/* End PBXContainerItemProxy section */

/* Begin PBXCopyFilesBuildPhase section */
		FB908646119C315B0072C130 /* CopyFiles */ = {
			isa = PBXCopyFilesBuildPhase;
			buildActionMask = 2147483647;
			dstPath = "";
			dstSubfolderSpec = 10;
			files = (
				FB908649119C31CA0072C130 /* Sparkle.framework in CopyFiles */,
			);
			runOnlyForDeploymentPostprocessing = 0;
		};
/* End PBXCopyFilesBuildPhase section */

/* Begin PBXFileReference section */
		1058C7A1FEA54F0111CA2CBB /* Cocoa.framework */ = {isa = PBXFileReference; lastKnownFileType = wrapper.framework; name = Cocoa.framework; path = /System/Library/Frameworks/Cocoa.framework; sourceTree = "<absolute>"; };
		13E42FB307B3F0F600E4EEF1 /* CoreData.framework */ = {isa = PBXFileReference; lastKnownFileType = wrapper.framework; name = CoreData.framework; path = /System/Library/Frameworks/CoreData.framework; sourceTree = "<absolute>"; };
		256AC3F00F4B6AF500CF3369 /* CoStats_Prefix.pch */ = {isa = PBXFileReference; fileEncoding = 4; lastKnownFileType = sourcecode.c.h; path = CoStats_Prefix.pch; sourceTree = "<group>"; };
		29B97316FDCFA39411CA2CEA /* main.m */ = {isa = PBXFileReference; fileEncoding = 4; lastKnownFileType = sourcecode.c.objc; path = main.m; sourceTree = "<group>"; };
		29B97324FDCFA39411CA2CEA /* AppKit.framework */ = {isa = PBXFileReference; lastKnownFileType = wrapper.framework; name = AppKit.framework; path = /System/Library/Frameworks/AppKit.framework; sourceTree = "<absolute>"; };
		29B97325FDCFA39411CA2CEA /* Foundation.framework */ = {isa = PBXFileReference; lastKnownFileType = wrapper.framework; name = Foundation.framework; path = /System/Library/Frameworks/Foundation.framework; sourceTree = "<absolute>"; };
		8D1107310486CEB800E47090 /* Info.plist */ = {isa = PBXFileReference; fileEncoding = 4; lastKnownFileType = text.plist.xml; path = Info.plist; sourceTree = "<group>"; };
		8D1107320486CEB800E47090 /* CoStats.app */ = {isa = PBXFileReference; explicitFileType = wrapper.application; includeInIndex = 0; path = CoStats.app; sourceTree = BUILT_PRODUCTS_DIR; };
		FB0CBF2011B2760C009640A0 /* stats_cpu.m */ = {isa = PBXFileReference; fileEncoding = 4; lastKnownFileType = sourcecode.c.objc; name = stats_cpu.m; path = costatsd/stats_cpu.m; sourceTree = "<group>"; };
		FB577C23119D0594006C07D5 /* General.tiff */ = {isa = PBXFileReference; lastKnownFileType = image.tiff; path = General.tiff; sourceTree = "<group>"; };
		FB577C24119D0594006C07D5 /* Software Update.tiff */ = {isa = PBXFileReference; lastKnownFileType = image.tiff; path = "Software Update.tiff"; sourceTree = "<group>"; };
		FB577C4B119D0A4B006C07D5 /* Preferences.xib */ = {isa = PBXFileReference; lastKnownFileType = file.xib; path = Preferences.xib; sourceTree = "<group>"; };
		FB577C5A119D0B64006C07D5 /* COPrefsWindowController.h */ = {isa = PBXFileReference; fileEncoding = 4; lastKnownFileType = sourcecode.c.h; path = COPrefsWindowController.h; sourceTree = "<group>"; };
		FB577C5B119D0B64006C07D5 /* COPrefsWindowController.m */ = {isa = PBXFileReference; fileEncoding = 4; lastKnownFileType = sourcecode.c.objc; path = COPrefsWindowController.m; sourceTree = "<group>"; };
		FB577C5F119D1908006C07D5 /* DBPrefsWindowController.h */ = {isa = PBXFileReference; fileEncoding = 4; lastKnownFileType = sourcecode.c.h; path = DBPrefsWindowController.h; sourceTree = "<group>"; };
		FB577C60119D1908006C07D5 /* DBPrefsWindowController.m */ = {isa = PBXFileReference; fileEncoding = 4; lastKnownFileType = sourcecode.c.objc; path = DBPrefsWindowController.m; sourceTree = "<group>"; };
		FB82417C118D5D68000B6969 /* COAppController.m */ = {isa = PBXFileReference; fileEncoding = 4; lastKnownFileType = sourcecode.c.objc; path = COAppController.m; sourceTree = "<group>"; };
		FB82417D118D5D68000B6969 /* COAppController.h */ = {isa = PBXFileReference; fileEncoding = 4; lastKnownFileType = sourcecode.c.h; path = COAppController.h; sourceTree = "<group>"; };
		FB8BCF7111AE670900803082 /* Security.framework */ = {isa = PBXFileReference; lastKnownFileType = wrapper.framework; name = Security.framework; path = System/Library/Frameworks/Security.framework; sourceTree = SDKROOT; };
		FB8BCFD211AE7B1A00803082 /* wrapper.m */ = {isa = PBXFileReference; fileEncoding = 4; lastKnownFileType = sourcecode.c.objc; name = wrapper.m; path = costatsd/wrapper.m; sourceTree = "<group>"; };
		FB8BCFD311AE7B1A00803082 /* wrapper.h */ = {isa = PBXFileReference; fileEncoding = 4; lastKnownFileType = sourcecode.c.h; name = wrapper.h; path = costatsd/wrapper.h; sourceTree = "<group>"; };
		FB908637119C31370072C130 /* Sparkle.framework */ = {isa = PBXFileReference; lastKnownFileType = wrapper.framework; path = Sparkle.framework; sourceTree = "<group>"; };
		FB90868A119C4A2A0072C130 /* dsa_pub.pem */ = {isa = PBXFileReference; fileEncoding = 4; lastKnownFileType = text; path = dsa_pub.pem; sourceTree = "<group>"; };
		FBE5AE7011B24DF6003DC7E6 /* protocol.h */ = {isa = PBXFileReference; fileEncoding = 4; lastKnownFileType = sourcecode.c.h; name = protocol.h; path = costatsd/protocol.h; sourceTree = "<group>"; };
		FBE8A4F811A014E4007232F2 /* COLoginItem.h */ = {isa = PBXFileReference; fileEncoding = 4; lastKnownFileType = sourcecode.c.h; path = COLoginItem.h; sourceTree = "<group>"; };
		FBE8A4F911A014E4007232F2 /* COLoginItem.m */ = {isa = PBXFileReference; fileEncoding = 4; lastKnownFileType = sourcecode.c.objc; path = COLoginItem.m; sourceTree = "<group>"; };
		FBE8C0B411AE45A100B2DB4A /* COStatsdController.m */ = {isa = PBXFileReference; fileEncoding = 4; lastKnownFileType = sourcecode.c.objc; path = COStatsdController.m; sourceTree = "<group>"; };
		FBE8C0B511AE45A100B2DB4A /* COStatsdController.h */ = {isa = PBXFileReference; fileEncoding = 4; lastKnownFileType = sourcecode.c.h; path = COStatsdController.h; sourceTree = "<group>"; };
		FBE8C0FD11AE486300B2DB4A /* stats_network.m */ = {isa = PBXFileReference; fileEncoding = 4; lastKnownFileType = sourcecode.c.objc; name = stats_network.m; path = costatsd/stats_network.m; sourceTree = "<group>"; };
		FBEBDAB911AE0ACC001A881F /* costatsd */ = {isa = PBXFileReference; explicitFileType = "compiled.mach-o.executable"; includeInIndex = 0; path = costatsd; sourceTree = BUILT_PRODUCTS_DIR; };
		FBEBDACA11AE0B74001A881F /* costatsd.m */ = {isa = PBXFileReference; fileEncoding = 4; lastKnownFileType = sourcecode.c.objc; name = costatsd.m; path = costatsd/costatsd.m; sourceTree = "<group>"; };
		FBEBDACB11AE0B74001A881F /* cmd_repair.m */ = {isa = PBXFileReference; fileEncoding = 4; lastKnownFileType = sourcecode.c.objc; name = cmd_repair.m; path = costatsd/cmd_repair.m; sourceTree = "<group>"; };
		FBEBDACC11AE0B74001A881F /* cmd_help.m */ = {isa = PBXFileReference; fileEncoding = 4; lastKnownFileType = sourcecode.c.objc; name = cmd_help.m; path = costatsd/cmd_help.m; sourceTree = "<group>"; };
		FBEBDACD11AE0B74001A881F /* costatsd.h */ = {isa = PBXFileReference; fileEncoding = 4; lastKnownFileType = sourcecode.c.h; name = costatsd.h; path = costatsd/costatsd.h; sourceTree = "<group>"; };
		FBEBDACE11AE0B74001A881F /* cmd_daemon.m */ = {isa = PBXFileReference; fileEncoding = 4; lastKnownFileType = sourcecode.c.objc; name = cmd_daemon.m; path = costatsd/cmd_daemon.m; sourceTree = "<group>"; };
		FBEBDACF11AE0B74001A881F /* cmd_test.m */ = {isa = PBXFileReference; fileEncoding = 4; lastKnownFileType = sourcecode.c.objc; name = cmd_test.m; path = costatsd/cmd_test.m; sourceTree = "<group>"; };
		FBEBDAD011AE0B74001A881F /* stats_memory.m */ = {isa = PBXFileReference; fileEncoding = 4; lastKnownFileType = sourcecode.c.objc; name = stats_memory.m; path = costatsd/stats_memory.m; sourceTree = "<group>"; };
		FBEBDAD111AE0B74001A881F /* stats.h */ = {isa = PBXFileReference; fileEncoding = 4; lastKnownFileType = sourcecode.c.h; name = stats.h; path = costatsd/stats.h; sourceTree = "<group>"; };
		FBFCB152118DA87200CE0B97 /* English */ = {isa = PBXFileReference; lastKnownFileType = file.xib; name = English; path = English.lproj/MainMenu.xib; sourceTree = "<group>"; };
/* End PBXFileReference section */

/* Begin PBXFrameworksBuildPhase section */
		8D11072E0486CEB800E47090 /* Frameworks */ = {
			isa = PBXFrameworksBuildPhase;
			buildActionMask = 2147483647;
			files = (
				8D11072F0486CEB800E47090 /* Cocoa.framework in Frameworks */,
				FB908638119C31370072C130 /* Sparkle.framework in Frameworks */,
				FB8BCF7211AE670900803082 /* Security.framework in Frameworks */,
			);
			runOnlyForDeploymentPostprocessing = 0;
		};
		FBEBDAB711AE0ACC001A881F /* Frameworks */ = {
			isa = PBXFrameworksBuildPhase;
			buildActionMask = 2147483647;
			files = (
			);
			runOnlyForDeploymentPostprocessing = 0;
		};
/* End PBXFrameworksBuildPhase section */

/* Begin PBXGroup section */
		080E96DDFE201D6D7F000001 /* Sources */ = {
			isa = PBXGroup;
			children = (
				FBEBDAAE11AE0A65001A881F /* costatsd */,
				FB577C5F119D1908006C07D5 /* DBPrefsWindowController.h */,
				FB577C60119D1908006C07D5 /* DBPrefsWindowController.m */,
				FB577C5A119D0B64006C07D5 /* COPrefsWindowController.h */,
				FB577C5B119D0B64006C07D5 /* COPrefsWindowController.m */,
				FBE8C0B511AE45A100B2DB4A /* COStatsdController.h */,
				FBE8C0B411AE45A100B2DB4A /* COStatsdController.m */,
				FB82417D118D5D68000B6969 /* COAppController.h */,
				FB82417C118D5D68000B6969 /* COAppController.m */,
				FBE8A4F811A014E4007232F2 /* COLoginItem.h */,
				FBE8A4F911A014E4007232F2 /* COLoginItem.m */,
			);
			name = Sources;
			sourceTree = "<group>";
		};
		1058C7A0FEA54F0111CA2CBB /* Linked Frameworks */ = {
			isa = PBXGroup;
			children = (
				FB908637119C31370072C130 /* Sparkle.framework */,
				1058C7A1FEA54F0111CA2CBB /* Cocoa.framework */,
				FB8BCF7111AE670900803082 /* Security.framework */,
			);
			name = "Linked Frameworks";
			sourceTree = "<group>";
		};
		1058C7A2FEA54F0111CA2CBB /* Other Frameworks */ = {
			isa = PBXGroup;
			children = (
				29B97324FDCFA39411CA2CEA /* AppKit.framework */,
				13E42FB307B3F0F600E4EEF1 /* CoreData.framework */,
				29B97325FDCFA39411CA2CEA /* Foundation.framework */,
			);
			name = "Other Frameworks";
			sourceTree = "<group>";
		};
		19C28FACFE9D520D11CA2CBB /* Products */ = {
			isa = PBXGroup;
			children = (
				8D1107320486CEB800E47090 /* CoStats.app */,
				FBEBDAB911AE0ACC001A881F /* costatsd */,
			);
			name = Products;
			sourceTree = "<group>";
		};
		29B97314FDCFA39411CA2CEA /* CoStats */ = {
			isa = PBXGroup;
			children = (
				080E96DDFE201D6D7F000001 /* Sources */,
				29B97315FDCFA39411CA2CEA /* Other Sources */,
				29B97317FDCFA39411CA2CEA /* Resources */,
				29B97323FDCFA39411CA2CEA /* Frameworks */,
				19C28FACFE9D520D11CA2CBB /* Products */,
			);
			name = CoStats;
			sourceTree = "<group>";
		};
		29B97315FDCFA39411CA2CEA /* Other Sources */ = {
			isa = PBXGroup;
			children = (
				256AC3F00F4B6AF500CF3369 /* CoStats_Prefix.pch */,
				29B97316FDCFA39411CA2CEA /* main.m */,
			);
			name = "Other Sources";
			sourceTree = "<group>";
		};
		29B97317FDCFA39411CA2CEA /* Resources */ = {
			isa = PBXGroup;
			children = (
				FB577C23119D0594006C07D5 /* General.tiff */,
				FB577C24119D0594006C07D5 /* Software Update.tiff */,
				FB90868A119C4A2A0072C130 /* dsa_pub.pem */,
				FBFCB151118DA87200CE0B97 /* MainMenu.xib */,
				8D1107310486CEB800E47090 /* Info.plist */,
				FB577C4B119D0A4B006C07D5 /* Preferences.xib */,
			);
			name = Resources;
			sourceTree = "<group>";
		};
		29B97323FDCFA39411CA2CEA /* Frameworks */ = {
			isa = PBXGroup;
			children = (
				1058C7A0FEA54F0111CA2CBB /* Linked Frameworks */,
				1058C7A2FEA54F0111CA2CBB /* Other Frameworks */,
			);
			name = Frameworks;
			sourceTree = "<group>";
		};
		FBEBDAAE11AE0A65001A881F /* costatsd */ = {
			isa = PBXGroup;
			children = (
				FBEBDACD11AE0B74001A881F /* costatsd.h */,
				FBE5AE7011B24DF6003DC7E6 /* protocol.h */,
				FB8BCFD211AE7B1A00803082 /* wrapper.m */,
				FB8BCFD311AE7B1A00803082 /* wrapper.h */,
				FBEBDACA11AE0B74001A881F /* costatsd.m */,
				FBEBDACB11AE0B74001A881F /* cmd_repair.m */,
				FBEBDACC11AE0B74001A881F /* cmd_help.m */,
				FBEBDACE11AE0B74001A881F /* cmd_daemon.m */,
				FBEBDACF11AE0B74001A881F /* cmd_test.m */,
				FBEBDAD111AE0B74001A881F /* stats.h */,
				FBEBDAD011AE0B74001A881F /* stats_memory.m */,
				FBE8C0FD11AE486300B2DB4A /* stats_network.m */,
				FB0CBF2011B2760C009640A0 /* stats_cpu.m */,
			);
			name = costatsd;
			sourceTree = "<group>";
		};
/* End PBXGroup section */

/* Begin PBXNativeTarget section */
		8D1107260486CEB800E47090 /* CoStats */ = {
			isa = PBXNativeTarget;
			buildConfigurationList = C01FCF4A08A954540054247B /* Build configuration list for PBXNativeTarget "CoStats" */;
			buildPhases = (
				8D1107290486CEB800E47090 /* Resources */,
				8D11072C0486CEB800E47090 /* Sources */,
				8D11072E0486CEB800E47090 /* Frameworks */,
				FB908646119C315B0072C130 /* CopyFiles */,
			);
			buildRules = (
			);
			dependencies = (
				FBEBDAC011AE0B23001A881F /* PBXTargetDependency */,
			);
			name = CoStats;
			productInstallPath = "$(HOME)/Applications";
			productName = CoStats;
			productReference = 8D1107320486CEB800E47090 /* CoStats.app */;
			productType = "com.apple.product-type.application";
		};
		FBEBDAB811AE0ACC001A881F /* costatsd */ = {
			isa = PBXNativeTarget;
			buildConfigurationList = FBEBDABD11AE0AEC001A881F /* Build configuration list for PBXNativeTarget "costatsd" */;
			buildPhases = (
				FBEBDAB611AE0ACC001A881F /* Sources */,
				FBEBDAB711AE0ACC001A881F /* Frameworks */,
			);
			buildRules = (
			);
			dependencies = (
			);
			name = costatsd;
			productName = costatsd;
			productReference = FBEBDAB911AE0ACC001A881F /* costatsd */;
			productType = "com.apple.product-type.tool";
		};
/* End PBXNativeTarget section */

/* Begin PBXProject section */
		29B97313FDCFA39411CA2CEA /* Project object */ = {
			isa = PBXProject;
			buildConfigurationList = C01FCF4E08A954540054247B /* Build configuration list for PBXProject "CoStats" */;
			compatibilityVersion = "Xcode 3.2";
			hasScannedForEncodings = 1;
			mainGroup = 29B97314FDCFA39411CA2CEA /* CoStats */;
			projectDirPath = "";
			projectRoot = "";
			targets = (
				8D1107260486CEB800E47090 /* CoStats */,
				FBEBDAB811AE0ACC001A881F /* costatsd */,
			);
		};
/* End PBXProject section */

/* Begin PBXResourcesBuildPhase section */
		8D1107290486CEB800E47090 /* Resources */ = {
			isa = PBXResourcesBuildPhase;
			buildActionMask = 2147483647;
			files = (
				FBEBDABE11AE0B10001A881F /* costatsd in Resources */,
				FBFCB153118DA87200CE0B97 /* MainMenu.xib in Resources */,
				FB90868B119C4A2A0072C130 /* dsa_pub.pem in Resources */,
				FB577C25119D0594006C07D5 /* General.tiff in Resources */,
				FB577C26119D0594006C07D5 /* Software Update.tiff in Resources */,
				FB577C4C119D0A4B006C07D5 /* Preferences.xib in Resources */,
			);
			runOnlyForDeploymentPostprocessing = 0;
		};
/* End PBXResourcesBuildPhase section */

/* Begin PBXSourcesBuildPhase section */
		8D11072C0486CEB800E47090 /* Sources */ = {
			isa = PBXSourcesBuildPhase;
			buildActionMask = 2147483647;
			files = (
				8D11072D0486CEB800E47090 /* main.m in Sources */,
				FB824181118D5D68000B6969 /* COAppController.m in Sources */,
				FB577C5C119D0B64006C07D5 /* COPrefsWindowController.m in Sources */,
				FB577C61119D1908006C07D5 /* DBPrefsWindowController.m in Sources */,
				FBE8A4FA11A014E4007232F2 /* COLoginItem.m in Sources */,
				FBE8C0B711AE45BC00B2DB4A /* COStatsdController.m in Sources */,
			);
			runOnlyForDeploymentPostprocessing = 0;
		};
		FBEBDAB611AE0ACC001A881F /* Sources */ = {
			isa = PBXSourcesBuildPhase;
			buildActionMask = 2147483647;
			files = (
				FBEBDAD211AE0B74001A881F /* costatsd.m in Sources */,
				FBEBDAD311AE0B74001A881F /* cmd_repair.m in Sources */,
				FBEBDAD411AE0B74001A881F /* cmd_help.m in Sources */,
				FBEBDAD511AE0B74001A881F /* cmd_daemon.m in Sources */,
				FBEBDAD611AE0B74001A881F /* cmd_test.m in Sources */,
				FBEBDAD711AE0B74001A881F /* stats_memory.m in Sources */,
				FBE8C0FE11AE486300B2DB4A /* stats_network.m in Sources */,
				FB8BCFD411AE7B1A00803082 /* wrapper.m in Sources */,
				FB0CBF2111B2760C009640A0 /* stats_cpu.m in Sources */,
			);
			runOnlyForDeploymentPostprocessing = 0;
		};
/* End PBXSourcesBuildPhase section */

/* Begin PBXTargetDependency section */
		FBEBDAC011AE0B23001A881F /* PBXTargetDependency */ = {
			isa = PBXTargetDependency;
			target = FBEBDAB811AE0ACC001A881F /* costatsd */;
			targetProxy = FBEBDABF11AE0B23001A881F /* PBXContainerItemProxy */;
		};
/* End PBXTargetDependency section */

/* Begin PBXVariantGroup section */
		FBFCB151118DA87200CE0B97 /* MainMenu.xib */ = {
			isa = PBXVariantGroup;
			children = (
				FBFCB152118DA87200CE0B97 /* English */,
			);
			name = MainMenu.xib;
			sourceTree = "<group>";
		};
/* End PBXVariantGroup section */

/* Begin XCBuildConfiguration section */
		C01FCF4B08A954540054247B /* Debug */ = {
			isa = XCBuildConfiguration;
			buildSettings = {
				ALWAYS_SEARCH_USER_PATHS = NO;
				COPY_PHASE_STRIP = NO;
				FRAMEWORK_SEARCH_PATHS = (
					"$(inherited)",
					"\"$(SRCROOT)\"",
				);
				GCC_DYNAMIC_NO_PIC = NO;
				GCC_ENABLE_FIX_AND_CONTINUE = YES;
				GCC_MODEL_TUNING = G5;
				GCC_OPTIMIZATION_LEVEL = 0;
				GCC_PRECOMPILE_PREFIX_HEADER = YES;
				GCC_PREFIX_HEADER = CoStats_Prefix.pch;
				INFOPLIST_FILE = Info.plist;
				INSTALL_PATH = "$(HOME)/Applications";
				PRODUCT_NAME = CoStats;
			};
			name = Debug;
		};
		C01FCF4C08A954540054247B /* Release */ = {
			isa = XCBuildConfiguration;
			buildSettings = {
				ALWAYS_SEARCH_USER_PATHS = NO;
				DEBUG_INFORMATION_FORMAT = "dwarf-with-dsym";
				FRAMEWORK_SEARCH_PATHS = (
					"$(inherited)",
					"\"$(SRCROOT)\"",
				);
				GCC_MODEL_TUNING = G5;
				GCC_PRECOMPILE_PREFIX_HEADER = YES;
				GCC_PREFIX_HEADER = CoStats_Prefix.pch;
				INFOPLIST_FILE = Info.plist;
				INSTALL_PATH = "$(HOME)/Applications";
				PRODUCT_NAME = CoStats;
			};
			name = Release;
		};
		C01FCF4F08A954540054247B /* Debug */ = {
			isa = XCBuildConfiguration;
			buildSettings = {
				ARCHS = "$(ARCHS_STANDARD_32_64_BIT)";
				GCC_C_LANGUAGE_STANDARD = gnu99;
				GCC_ENABLE_OBJC_GC = unsupported;
				GCC_OPTIMIZATION_LEVEL = 0;
				GCC_WARN_ABOUT_RETURN_TYPE = YES;
				GCC_WARN_UNUSED_VARIABLE = YES;
				ONLY_ACTIVE_ARCH = YES;
				PREBINDING = NO;
				SDKROOT = macosx10.6;
			};
			name = Debug;
		};
		C01FCF5008A954540054247B /* Release */ = {
			isa = XCBuildConfiguration;
			buildSettings = {
				ARCHS = "$(ARCHS_STANDARD_32_64_BIT)";
				GCC_C_LANGUAGE_STANDARD = gnu99;
				GCC_ENABLE_OBJC_GC = unsupported;
				GCC_WARN_ABOUT_RETURN_TYPE = YES;
				GCC_WARN_UNUSED_VARIABLE = YES;
				PREBINDING = NO;
				SDKROOT = macosx10.6;
			};
			name = Release;
		};
		FBEBDABB11AE0ACE001A881F /* Debug */ = {
			isa = XCBuildConfiguration;
			buildSettings = {
				ALWAYS_SEARCH_USER_PATHS = NO;
				COPY_PHASE_STRIP = NO;
				GCC_DYNAMIC_NO_PIC = NO;
				GCC_ENABLE_FIX_AND_CONTINUE = YES;
				GCC_MODEL_TUNING = G5;
				GCC_OPTIMIZATION_LEVEL = 0;
				GCC_PRECOMPILE_PREFIX_HEADER = YES;
				GCC_PREFIX_HEADER = "$(SYSTEM_LIBRARY_DIR)/Frameworks/AppKit.framework/Headers/AppKit.h";
				INSTALL_PATH = /usr/local/bin;
				OTHER_LDFLAGS = (
					"-lpcap",
					"-framework",
					Foundation,
					"-framework",
					AppKit,
				);
				PREBINDING = NO;
				PRODUCT_NAME = costatsd;
			};
			name = Debug;
		};
		FBEBDABC11AE0ACE001A881F /* Release */ = {
			isa = XCBuildConfiguration;
			buildSettings = {
				ALWAYS_SEARCH_USER_PATHS = NO;
				COPY_PHASE_STRIP = YES;
				DEBUG_INFORMATION_FORMAT = "dwarf-with-dsym";
				GCC_ENABLE_FIX_AND_CONTINUE = NO;
				GCC_MODEL_TUNING = G5;
				GCC_PRECOMPILE_PREFIX_HEADER = YES;
				GCC_PREFIX_HEADER = "$(SYSTEM_LIBRARY_DIR)/Frameworks/AppKit.framework/Headers/AppKit.h";
				INSTALL_PATH = /usr/local/bin;
				OTHER_LDFLAGS = (
					"-lpcap",
					"-framework",
					Foundation,
					"-framework",
					AppKit,
				);
				PREBINDING = NO;
				PRODUCT_NAME = costatsd;
				ZERO_LINK = NO;
			};
			name = Release;
		};
/* End XCBuildConfiguration section */

/* Begin XCConfigurationList section */
		C01FCF4A08A954540054247B /* Build configuration list for PBXNativeTarget "CoStats" */ = {
			isa = XCConfigurationList;
			buildConfigurations = (
				C01FCF4B08A954540054247B /* Debug */,
				C01FCF4C08A954540054247B /* Release */,
			);
			defaultConfigurationIsVisible = 0;
			defaultConfigurationName = Release;
		};
		C01FCF4E08A954540054247B /* Build configuration list for PBXProject "CoStats" */ = {
			isa = XCConfigurationList;
			buildConfigurations = (
				C01FCF4F08A954540054247B /* Debug */,
				C01FCF5008A954540054247B /* Release */,
			);
			defaultConfigurationIsVisible = 0;
			defaultConfigurationName = Release;
		};
		FBEBDABD11AE0AEC001A881F /* Build configuration list for PBXNativeTarget "costatsd" */ = {
			isa = XCConfigurationList;
			buildConfigurations = (
				FBEBDABB11AE0ACE001A881F /* Debug */,
				FBEBDABC11AE0ACE001A881F /* Release */,
			);
			defaultConfigurationIsVisible = 0;
			defaultConfigurationName = Release;
		};
/* End XCConfigurationList section */
	};
	rootObject = 29B97313FDCFA39411CA2CEA /* Project object */;
}
